
Microsoft Visual Studio Solution File, Format Version 12.00
# Visual Studio Version 17
VisualStudioVersion = 17.5.33530.505
MinimumVisualStudioVersion = 10.0.40219.1
Project("{FAE04EC0-301F-11D3-BF4B-00C04F79EFBC}") = "ConsoleApp8", "ConsoleApp8\ConsoleApp8.csproj", "{127A9A98-1C61-4F17-A941-22A6202FD303}"
EndProject
Global
	GlobalSection(SolutionConfigurationPlatforms) = preSolution
		Debug|Any CPU = Debug|Any CPU
		Release|Any CPU = Release|Any CPU
	EndGlobalSection
	GlobalSection(ProjectConfigurationPlatforms) = postSolution
		{127A9A98-1C61-4F17-A941-22A6202FD303}.Debug|Any CPU.ActiveCfg = Debug|Any CPU
		{127A9A98-1C61-4F17-A941-22A6202FD303}.Debug|Any CPU.Build.0 = Debug|Any CPU
		{127A9A98-1C61-4F17-A941-22A6202FD303}.Release|Any CPU.ActiveCfg = Release|Any CPU
		{127A9A98-1C61-4F17-A941-22A6202FD303}.Release|Any CPU.Build.0 = Release|Any CPU
	EndGlobalSection
	GlobalSection(SolutionProperties) = preSolution
		HideSolutionNode = FALSE
	EndGlobalSection
	GlobalSection(ExtensibilityGlobals) = postSolution
		SolutionGuid = {F3287811-DE09-499F-B141-3208116F67C5}
	EndGlobalSection
EndGlobal
