
Microsoft Visual Studio Solution File, Format Version 12.00
# Visual Studio Version 17
VisualStudioVersion = 17.5.33530.505
MinimumVisualStudioVersion = 10.0.40219.1
Project("{FAE04EC0-301F-11D3-BF4B-00C04F79EFBC}") = "AssignmentNo_01_Q_02", "AssignmentNo_01_Q_02\AssignmentNo_01_Q_02.csproj", "{C7ABC323-B227-4596-BD61-7F6FB37C65ED}"
EndProject
Global
	GlobalSection(SolutionConfigurationPlatforms) = preSolution
		Debug|Any CPU = Debug|Any CPU
		Release|Any CPU = Release|Any CPU
	EndGlobalSection
	GlobalSection(ProjectConfigurationPlatforms) = postSolution
		{C7ABC323-B227-4596-BD61-7F6FB37C65ED}.Debug|Any CPU.ActiveCfg = Debug|Any CPU
		{C7ABC323-B227-4596-BD61-7F6FB37C65ED}.Debug|Any CPU.Build.0 = Debug|Any CPU
		{C7ABC323-B227-4596-BD61-7F6FB37C65ED}.Release|Any CPU.ActiveCfg = Release|Any CPU
		{C7ABC323-B227-4596-BD61-7F6FB37C65ED}.Release|Any CPU.Build.0 = Release|Any CPU
	EndGlobalSection
	GlobalSection(SolutionProperties) = preSolution
		HideSolutionNode = FALSE
	EndGlobalSection
	GlobalSection(ExtensibilityGlobals) = postSolution
		SolutionGuid = {B6518674-E201-4542-ABEF-D3BBC6456B0B}
	EndGlobalSection
EndGlobal
