
Microsoft Visual Studio Solution File, Format Version 12.00
# Visual Studio Version 17
VisualStudioVersion = 17.5.33530.505
MinimumVisualStudioVersion = 10.0.40219.1
Project("{FAE04EC0-301F-11D3-BF4B-00C04F79EFBC}") = "ConsoleApp13", "ConsoleApp13\ConsoleApp13.csproj", "{D9E9D1C6-4D8F-4A08-BB93-5D0105B1518F}"
EndProject
Global
	GlobalSection(SolutionConfigurationPlatforms) = preSolution
		Debug|Any CPU = Debug|Any CPU
		Release|Any CPU = Release|Any CPU
	EndGlobalSection
	GlobalSection(ProjectConfigurationPlatforms) = postSolution
		{D9E9D1C6-4D8F-4A08-BB93-5D0105B1518F}.Debug|Any CPU.ActiveCfg = Debug|Any CPU
		{D9E9D1C6-4D8F-4A08-BB93-5D0105B1518F}.Debug|Any CPU.Build.0 = Debug|Any CPU
		{D9E9D1C6-4D8F-4A08-BB93-5D0105B1518F}.Release|Any CPU.ActiveCfg = Release|Any CPU
		{D9E9D1C6-4D8F-4A08-BB93-5D0105B1518F}.Release|Any CPU.Build.0 = Release|Any CPU
	EndGlobalSection
	GlobalSection(SolutionProperties) = preSolution
		HideSolutionNode = FALSE
	EndGlobalSection
	GlobalSection(ExtensibilityGlobals) = postSolution
		SolutionGuid = {4CBA0FCA-9C14-4ACF-82B9-F1D5BD150B31}
	EndGlobalSection
EndGlobal
