
Microsoft Visual Studio Solution File, Format Version 12.00
# Visual Studio Version 17
VisualStudioVersion = 17.5.33530.505
MinimumVisualStudioVersion = 10.0.40219.1
Project("{FAE04EC0-301F-11D3-BF4B-00C04F79EFBC}") = "WebApplicationNewProject", "WebApplicationNewProject\WebApplicationNewProject.csproj", "{2DEE37D6-59E8-4E74-81EE-2607D60F6A41}"
EndProject
Global
	GlobalSection(SolutionConfigurationPlatforms) = preSolution
		Debug|Any CPU = Debug|Any CPU
		Release|Any CPU = Release|Any CPU
	EndGlobalSection
	GlobalSection(ProjectConfigurationPlatforms) = postSolution
		{2DEE37D6-59E8-4E74-81EE-2607D60F6A41}.Debug|Any CPU.ActiveCfg = Debug|Any CPU
		{2DEE37D6-59E8-4E74-81EE-2607D60F6A41}.Debug|Any CPU.Build.0 = Debug|Any CPU
		{2DEE37D6-59E8-4E74-81EE-2607D60F6A41}.Release|Any CPU.ActiveCfg = Release|Any CPU
		{2DEE37D6-59E8-4E74-81EE-2607D60F6A41}.Release|Any CPU.Build.0 = Release|Any CPU
	EndGlobalSection
	GlobalSection(SolutionProperties) = preSolution
		HideSolutionNode = FALSE
	EndGlobalSection
	GlobalSection(ExtensibilityGlobals) = postSolution
		SolutionGuid = {0E5A3CF1-C24E-46E7-B7D9-CDDFDA91F222}
	EndGlobalSection
EndGlobal
