
Microsoft Visual Studio Solution File, Format Version 12.00
# Visual Studio Version 17
VisualStudioVersion = 17.5.33530.505
MinimumVisualStudioVersion = 10.0.40219.1
Project("{FAE04EC0-301F-11D3-BF4B-00C04F79EFBC}") = "ConsoleApp1", "ConsoleApp1\ConsoleApp1.csproj", "{684E9E50-4073-4377-BCB3-425BF921B0BC}"
EndProject
Global
	GlobalSection(SolutionConfigurationPlatforms) = preSolution
		Debug|Any CPU = Debug|Any CPU
		Release|Any CPU = Release|Any CPU
	EndGlobalSection
	GlobalSection(ProjectConfigurationPlatforms) = postSolution
		{684E9E50-4073-4377-BCB3-425BF921B0BC}.Debug|Any CPU.ActiveCfg = Debug|Any CPU
		{684E9E50-4073-4377-BCB3-425BF921B0BC}.Debug|Any CPU.Build.0 = Debug|Any CPU
		{684E9E50-4073-4377-BCB3-425BF921B0BC}.Release|Any CPU.ActiveCfg = Release|Any CPU
		{684E9E50-4073-4377-BCB3-425BF921B0BC}.Release|Any CPU.Build.0 = Release|Any CPU
	EndGlobalSection
	GlobalSection(SolutionProperties) = preSolution
		HideSolutionNode = FALSE
	EndGlobalSection
	GlobalSection(ExtensibilityGlobals) = postSolution
		SolutionGuid = {C5A2A4AC-2787-4410-9932-91ED31B1426F}
	EndGlobalSection
EndGlobal
