
Microsoft Visual Studio Solution File, Format Version 12.00
# Visual Studio Version 17
VisualStudioVersion = 17.5.33530.505
MinimumVisualStudioVersion = 10.0.40219.1
Project("{FAE04EC0-301F-11D3-BF4B-00C04F79EFBC}") = "AssignmentNo_01_Q_06", "AssignmentNo_01_Q_06\AssignmentNo_01_Q_06.csproj", "{5D811DE4-1C8E-4665-9D80-EC2155B31D6F}"
EndProject
Global
	GlobalSection(SolutionConfigurationPlatforms) = preSolution
		Debug|Any CPU = Debug|Any CPU
		Release|Any CPU = Release|Any CPU
	EndGlobalSection
	GlobalSection(ProjectConfigurationPlatforms) = postSolution
		{5D811DE4-1C8E-4665-9D80-EC2155B31D6F}.Debug|Any CPU.ActiveCfg = Debug|Any CPU
		{5D811DE4-1C8E-4665-9D80-EC2155B31D6F}.Debug|Any CPU.Build.0 = Debug|Any CPU
		{5D811DE4-1C8E-4665-9D80-EC2155B31D6F}.Release|Any CPU.ActiveCfg = Release|Any CPU
		{5D811DE4-1C8E-4665-9D80-EC2155B31D6F}.Release|Any CPU.Build.0 = Release|Any CPU
	EndGlobalSection
	GlobalSection(SolutionProperties) = preSolution
		HideSolutionNode = FALSE
	EndGlobalSection
	GlobalSection(ExtensibilityGlobals) = postSolution
		SolutionGuid = {FDCB701C-64F5-4AAC-AAA6-C8D65279A665}
	EndGlobalSection
EndGlobal
