
Microsoft Visual Studio Solution File, Format Version 12.00
# Visual Studio Version 17
VisualStudioVersion = 17.5.33530.505
MinimumVisualStudioVersion = 10.0.40219.1
Project("{FAE04EC0-301F-11D3-BF4B-00C04F79EFBC}") = "AssignmentNo_01_Q3", "AssignmentNo_01_Q3\AssignmentNo_01_Q3.csproj", "{F1E31013-27EF-47FC-8D52-4A7B22ED9E17}"
EndProject
Global
	GlobalSection(SolutionConfigurationPlatforms) = preSolution
		Debug|Any CPU = Debug|Any CPU
		Release|Any CPU = Release|Any CPU
	EndGlobalSection
	GlobalSection(ProjectConfigurationPlatforms) = postSolution
		{F1E31013-27EF-47FC-8D52-4A7B22ED9E17}.Debug|Any CPU.ActiveCfg = Debug|Any CPU
		{F1E31013-27EF-47FC-8D52-4A7B22ED9E17}.Debug|Any CPU.Build.0 = Debug|Any CPU
		{F1E31013-27EF-47FC-8D52-4A7B22ED9E17}.Release|Any CPU.ActiveCfg = Release|Any CPU
		{F1E31013-27EF-47FC-8D52-4A7B22ED9E17}.Release|Any CPU.Build.0 = Release|Any CPU
	EndGlobalSection
	GlobalSection(SolutionProperties) = preSolution
		HideSolutionNode = FALSE
	EndGlobalSection
	GlobalSection(ExtensibilityGlobals) = postSolution
		SolutionGuid = {224BB2E4-41D9-4426-8150-5FE3AC72BF92}
	EndGlobalSection
EndGlobal
