
Microsoft Visual Studio Solution File, Format Version 12.00
# Visual Studio Version 17
VisualStudioVersion = 17.5.33530.505
MinimumVisualStudioVersion = 10.0.40219.1
Project("{FAE04EC0-301F-11D3-BF4B-00C04F79EFBC}") = "ConsoleApp3_Day_01_Assi_03", "ConsoleApp3_Day_01_Assi_03\ConsoleApp3_Day_01_Assi_03.csproj", "{F15D2472-727D-4CA6-A6B2-5ECCD5FB257B}"
EndProject
Project("{FAE04EC0-301F-11D3-BF4B-00C04F79EFBC}") = "ConsoleApp1", "ConsoleApp1\ConsoleApp1.csproj", "{A4D9C2E2-3B79-4B7B-91EF-8362F4E0A330}"
EndProject
Global
	GlobalSection(SolutionConfigurationPlatforms) = preSolution
		Debug|Any CPU = Debug|Any CPU
		Release|Any CPU = Release|Any CPU
	EndGlobalSection
	GlobalSection(ProjectConfigurationPlatforms) = postSolution
		{F15D2472-727D-4CA6-A6B2-5ECCD5FB257B}.Debug|Any CPU.ActiveCfg = Debug|Any CPU
		{F15D2472-727D-4CA6-A6B2-5ECCD5FB257B}.Debug|Any CPU.Build.0 = Debug|Any CPU
		{F15D2472-727D-4CA6-A6B2-5ECCD5FB257B}.Release|Any CPU.ActiveCfg = Release|Any CPU
		{F15D2472-727D-4CA6-A6B2-5ECCD5FB257B}.Release|Any CPU.Build.0 = Release|Any CPU
		{A4D9C2E2-3B79-4B7B-91EF-8362F4E0A330}.Debug|Any CPU.ActiveCfg = Debug|Any CPU
		{A4D9C2E2-3B79-4B7B-91EF-8362F4E0A330}.Debug|Any CPU.Build.0 = Debug|Any CPU
		{A4D9C2E2-3B79-4B7B-91EF-8362F4E0A330}.Release|Any CPU.ActiveCfg = Release|Any CPU
		{A4D9C2E2-3B79-4B7B-91EF-8362F4E0A330}.Release|Any CPU.Build.0 = Release|Any CPU
	EndGlobalSection
	GlobalSection(SolutionProperties) = preSolution
		HideSolutionNode = FALSE
	EndGlobalSection
	GlobalSection(ExtensibilityGlobals) = postSolution
		SolutionGuid = {3E5A37A2-147B-471B-9DE9-9C5233FE7B48}
	EndGlobalSection
EndGlobal
