
Microsoft Visual Studio Solution File, Format Version 12.00
# Visual Studio Version 17
VisualStudioVersion = 17.5.33530.505
MinimumVisualStudioVersion = 10.0.40219.1
Project("{FAE04EC0-301F-11D3-BF4B-00C04F79EFBC}") = "ConsoleApp1Demo02", "ConsoleApp1Demo02\ConsoleApp1Demo02.csproj", "{32E04205-73FD-47F5-8CB4-035E3A25B9C1}"
EndProject
Global
	GlobalSection(SolutionConfigurationPlatforms) = preSolution
		Debug|Any CPU = Debug|Any CPU
		Release|Any CPU = Release|Any CPU
	EndGlobalSection
	GlobalSection(ProjectConfigurationPlatforms) = postSolution
		{32E04205-73FD-47F5-8CB4-035E3A25B9C1}.Debug|Any CPU.ActiveCfg = Debug|Any CPU
		{32E04205-73FD-47F5-8CB4-035E3A25B9C1}.Debug|Any CPU.Build.0 = Debug|Any CPU
		{32E04205-73FD-47F5-8CB4-035E3A25B9C1}.Release|Any CPU.ActiveCfg = Release|Any CPU
		{32E04205-73FD-47F5-8CB4-035E3A25B9C1}.Release|Any CPU.Build.0 = Release|Any CPU
	EndGlobalSection
	GlobalSection(SolutionProperties) = preSolution
		HideSolutionNode = FALSE
	EndGlobalSection
	GlobalSection(ExtensibilityGlobals) = postSolution
		SolutionGuid = {63E5F15B-0D9D-4117-ABA0-270D42598DFD}
	EndGlobalSection
EndGlobal
